
Microsoft Visual Studio Solution File, Format Version 12.00
# Visual Studio Version 17
VisualStudioVersion = 17.9.34701.34
MinimumVisualStudioVersion = 10.0.40219.1
Project("{FAE04EC0-301F-11D3-BF4B-00C04F79EFBC}") = "Lab01", "Lab01\Lab01.csproj", "{FDAC324E-6211-43DB-B3F7-43CDE302F330}"
EndProject
Global
	GlobalSection(SolutionConfigurationPlatforms) = preSolution
		Debug|Any CPU = Debug|Any CPU
		Release|Any CPU = Release|Any CPU
	EndGlobalSection
	GlobalSection(ProjectConfigurationPlatforms) = postSolution
		{FDAC324E-6211-43DB-B3F7-43CDE302F330}.Debug|Any CPU.ActiveCfg = Debug|Any CPU
		{FDAC324E-6211-43DB-B3F7-43CDE302F330}.Debug|Any CPU.Build.0 = Debug|Any CPU
		{FDAC324E-6211-43DB-B3F7-43CDE302F330}.Release|Any CPU.ActiveCfg = Release|Any CPU
		{FDAC324E-6211-43DB-B3F7-43CDE302F330}.Release|Any CPU.Build.0 = Release|Any CPU
	EndGlobalSection
	GlobalSection(SolutionProperties) = preSolution
		HideSolutionNode = FALSE
	EndGlobalSection
	GlobalSection(ExtensibilityGlobals) = postSolution
		SolutionGuid = {58C73CAB-53C9-43FB-A36A-750339FD2969}
	EndGlobalSection
EndGlobal
